
Microsoft Visual Studio Solution File, Format Version 12.00
# Visual Studio Version 17
VisualStudioVersion = 17.2.32630.192
MinimumVisualStudioVersion = 10.0.40219.1
Project("{FAE04EC0-301F-11D3-BF4B-00C04F79EFBC}") = "DoubleNestedLoops", "DoubleNestedLoops.csproj", "{5D46CCFD-8A4F-4653-A8CE-B520E3A6B0B0}"
EndProject
Global
	GlobalSection(SolutionConfigurationPlatforms) = preSolution
		Debug|Any CPU = Debug|Any CPU
		Release|Any CPU = Release|Any CPU
	EndGlobalSection
	GlobalSection(ProjectConfigurationPlatforms) = postSolution
		{5D46CCFD-8A4F-4653-A8CE-B520E3A6B0B0}.Debug|Any CPU.ActiveCfg = Debug|Any CPU
		{5D46CCFD-8A4F-4653-A8CE-B520E3A6B0B0}.Debug|Any CPU.Build.0 = Debug|Any CPU
		{5D46CCFD-8A4F-4653-A8CE-B520E3A6B0B0}.Release|Any CPU.ActiveCfg = Release|Any CPU
		{5D46CCFD-8A4F-4653-A8CE-B520E3A6B0B0}.Release|Any CPU.Build.0 = Release|Any CPU
	EndGlobalSection
	GlobalSection(SolutionProperties) = preSolution
		HideSolutionNode = FALSE
	EndGlobalSection
	GlobalSection(ExtensibilityGlobals) = postSolution
		SolutionGuid = {AB309C18-4EC2-4170-B8F0-85E095338DF7}
	EndGlobalSection
EndGlobal
